# This file is autogenerated, do not edit; changes may be undone by the next 'dep ensure'.


[[projects]]
  branch = "master"
  name = "github.com/olebedev/config"
  packages = ["."]
  revision = "57f804269e64d41bfe46efb76232c47f49d40902"

[[projects]]
  name = "github.com/valyala/fastjson"
  packages = [
    ".",
    "fastfloat"
  ]
  revision = "73ca3ce4bcd1cb08f60e48df25675b80c6a4e51e"
  version = "v1.4.1"

[[projects]]
  name = "gopkg.in/yaml.v2"
  packages = ["."]
  revision = "51d6538a90f86fe93ac480b35f37b2be17fef232"
  version = "v2.2.2"

[solve-meta]
  analyzer-name = "dep"
  analyzer-version = 1
  inputs-digest = "19966a85c2d461fe7f011bf4234f69310273745906de0c6fb77ae035db4d8b7c"
  solver-name = "gps-cdcl"
  solver-version = 1
