# This file is autogenerated, do not edit; changes may be undone by the next 'dep ensure'.


[[projects]]
  name = "github.com/etcd-io/bbolt"
  packages = ["."]
  revision = "63597a96ec0ad9e6d43c3fc81e809909e0237461"
  version = "v1.3.2"

[[projects]]
  branch = "master"
  name = "github.com/olebedev/config"
  packages = ["."]
  revision = "57f804269e64d41bfe46efb76232c47f49d40902"

[[projects]]
  name = "github.com/valyala/fastjson"
  packages = [
    ".",
    "fastfloat"
  ]
  revision = "73ca3ce4bcd1cb08f60e48df25675b80c6a4e51e"
  version = "v1.4.1"

[[projects]]
  branch = "master"
  name = "golang.org/x/sys"
  packages = ["unix"]
  revision = "10058d7d4faa7dd5ef860cbd31af00903076e7b8"

[[projects]]
  name = "gopkg.in/yaml.v2"
  packages = ["."]
  revision = "51d6538a90f86fe93ac480b35f37b2be17fef232"
  version = "v2.2.2"

[solve-meta]
  analyzer-name = "dep"
  analyzer-version = 1
  inputs-digest = "162dfbf0b89da4a8e2de56778e764f32aa643d80456f4b782b959e3fbcbd3e0c"
  solver-name = "gps-cdcl"
  solver-version = 1
